
Microsoft Visual Studio Solution File, Format Version 12.00
# Visual Studio Version 17
VisualStudioVersion = 17.8.34309.116
MinimumVisualStudioVersion = 10.0.40219.1
Project("{FAE04EC0-301F-11D3-BF4B-00C04F79EFBC}") = "AutoStoreApp", "AutoStoreApp\AutoStoreApp.csproj", "{8244B6FA-8260-4BC2-9AB5-67BF272396C2}"
EndProject
Global
	GlobalSection(SolutionConfigurationPlatforms) = preSolution
		Debug|Any CPU = Debug|Any CPU
		Release|Any CPU = Release|Any CPU
	EndGlobalSection
	GlobalSection(ProjectConfigurationPlatforms) = postSolution
		{8244B6FA-8260-4BC2-9AB5-67BF272396C2}.Debug|Any CPU.ActiveCfg = Debug|Any CPU
		{8244B6FA-8260-4BC2-9AB5-67BF272396C2}.Debug|Any CPU.Build.0 = Debug|Any CPU
		{8244B6FA-8260-4BC2-9AB5-67BF272396C2}.Release|Any CPU.ActiveCfg = Release|Any CPU
		{8244B6FA-8260-4BC2-9AB5-67BF272396C2}.Release|Any CPU.Build.0 = Release|Any CPU
	EndGlobalSection
	GlobalSection(SolutionProperties) = preSolution
		HideSolutionNode = FALSE
	EndGlobalSection
	GlobalSection(ExtensibilityGlobals) = postSolution
		SolutionGuid = {8C7C5A1B-F229-480E-AF1F-612118A218B7}
	EndGlobalSection
EndGlobal
